
Microsoft Visual Studio Solution File, Format Version 12.00
# Visual Studio Version 17
VisualStudioVersion = 17.3.32825.248
MinimumVisualStudioVersion = 10.0.40219.1
Project("{FAE04EC0-301F-11D3-BF4B-00C04F79EFBC}") = "Desafio_EF", "Desafio_EF.csproj", "{B95E4B9A-138A-4F57-99F2-ACC4BEDED9CE}"
EndProject
Global
	GlobalSection(SolutionConfigurationPlatforms) = preSolution
		Debug|Any CPU = Debug|Any CPU
		Release|Any CPU = Release|Any CPU
	EndGlobalSection
	GlobalSection(ProjectConfigurationPlatforms) = postSolution
		{B95E4B9A-138A-4F57-99F2-ACC4BEDED9CE}.Debug|Any CPU.ActiveCfg = Debug|Any CPU
		{B95E4B9A-138A-4F57-99F2-ACC4BEDED9CE}.Debug|Any CPU.Build.0 = Debug|Any CPU
		{B95E4B9A-138A-4F57-99F2-ACC4BEDED9CE}.Release|Any CPU.ActiveCfg = Release|Any CPU
		{B95E4B9A-138A-4F57-99F2-ACC4BEDED9CE}.Release|Any CPU.Build.0 = Release|Any CPU
	EndGlobalSection
	GlobalSection(SolutionProperties) = preSolution
		HideSolutionNode = FALSE
	EndGlobalSection
	GlobalSection(ExtensibilityGlobals) = postSolution
		SolutionGuid = {3F0A8660-6E1A-4E4A-8CDB-79ED105CB94F}
	EndGlobalSection
EndGlobal
